<<<<<<< HEAD
{
  "name": "motion",
  "version": "1.0.0",
  "lockfileVersion": 1,
  "requires": true,
  "dependencies": {
    "latinize": {
      "version": "0.4.0",
      "resolved": "https://registry.npmjs.org/latinize/-/latinize-0.4.0.tgz",
      "integrity": "sha1-J0ObIeTrdQbDdxe2OPHfLEkHWkg="
    }
  }
}
=======
{
  "name": "motion",
  "version": "1.0.0",
  "lockfileVersion": 1,
  "requires": true,
  "dependencies": {
    "latinize": {
      "version": "0.4.0",
      "resolved": "https://registry.npmjs.org/latinize/-/latinize-0.4.0.tgz",
      "integrity": "sha1-J0ObIeTrdQbDdxe2OPHfLEkHWkg="
    }
  }
}
>>>>>>> origin/dragana
